
Microsoft Visual Studio Solution File, Format Version 12.00
# Visual Studio 15
Project("{FAE04EC0-301F-11D3-BF4B-00C04F79EFBC}") = "Assembly-CSharp", "Assembly-CSharp.csproj", "{201F596B-8876-0F9A-9A9F-BE61DD7753BD}"
EndProject
Global
	GlobalSection(SolutionConfigurationPlatforms) = preSolution
		Debug|Any CPU = Debug|Any CPU
		Release|Any CPU = Release|Any CPU
	EndGlobalSection
	GlobalSection(ProjectConfigurationPlatforms) = postSolution
		{201F596B-8876-0F9A-9A9F-BE61DD7753BD}.Debug|Any CPU.ActiveCfg = Debug|Any CPU
		{201F596B-8876-0F9A-9A9F-BE61DD7753BD}.Debug|Any CPU.Build.0 = Debug|Any CPU
		{201F596B-8876-0F9A-9A9F-BE61DD7753BD}.Release|Any CPU.ActiveCfg = Release|Any CPU
		{201F596B-8876-0F9A-9A9F-BE61DD7753BD}.Release|Any CPU.Build.0 = Release|Any CPU
	EndGlobalSection
	GlobalSection(SolutionProperties) = preSolution
		HideSolutionNode = FALSE
	EndGlobalSection
EndGlobal
